// !$*UTF8*$!
{
	archiveVersion = 1;
	classes = {
	};
	objectVersion = 46;
	objects = {

/* Begin PBXBuildFile section */
		584E4B611FD2F7E20028C58B /* main.m in Sources */ = {isa = PBXBuildFile; fileRef = 584E4B601FD2F7E20028C58B /* main.m */; };
		584E4B641FD2F7E20028C58B /* AppDelegate.m in Sources */ = {isa = PBXBuildFile; fileRef = 584E4B631FD2F7E20028C58B /* AppDelegate.m */; };
		584E4B671FD2F7E20028C58B /* ViewController.m in Sources */ = {isa = PBXBuildFile; fileRef = 584E4B661FD2F7E20028C58B /* ViewController.m */; };
		584E4B6A1FD2F7E20028C58B /* Main.storyboard in Resources */ = {isa = PBXBuildFile; fileRef = 584E4B681FD2F7E20028C58B /* Main.storyboard */; };
		584E4B6C1FD2F7E20028C58B /* Assets.xcassets in Resources */ = {isa = PBXBuildFile; fileRef = 584E4B6B1FD2F7E20028C58B /* Assets.xcassets */; };
		584E4B6F1FD2F7E20028C58B /* LaunchScreen.storyboard in Resources */ = {isa = PBXBuildFile; fileRef = 584E4B6D1FD2F7E20028C58B /* LaunchScreen.storyboard */; };
		584E4B7A1FD2F7E20028C58B /* AVPlayerLayerTests.m in Sources */ = {isa = PBXBuildFile; fileRef = 584E4B791FD2F7E20028C58B /* AVPlayerLayerTests.m */; };
		584E4B851FD2F7E20028C58B /* AVPlayerLayerUITests.m in Sources */ = {isa = PBXBuildFile; fileRef = 584E4B841FD2F7E20028C58B /* AVPlayerLayerUITests.m */; };
		584E4B951FD315920028C58B /* story.mp4 in Resources */ = {isa = PBXBuildFile; fileRef = 584E4B941FD315920028C58B /* story.mp4 */; };
/* End PBXBuildFile section */

/* Begin PBXContainerItemProxy section */
		584E4B761FD2F7E20028C58B /* PBXContainerItemProxy */ = {
			isa = PBXContainerItemProxy;
			containerPortal = 584E4B541FD2F7E20028C58B /* Project object */;
			proxyType = 1;
			remoteGlobalIDString = 584E4B5B1FD2F7E20028C58B;
			remoteInfo = AVPlayerLayer;
		};
		584E4B811FD2F7E20028C58B /* PBXContainerItemProxy */ = {
			isa = PBXContainerItemProxy;
			containerPortal = 584E4B541FD2F7E20028C58B /* Project object */;
			proxyType = 1;
			remoteGlobalIDString = 584E4B5B1FD2F7E20028C58B;
			remoteInfo = AVPlayerLayer;
		};
/* End PBXContainerItemProxy section */

/* Begin PBXFileReference section */
		584E4B5C1FD2F7E20028C58B /* AVPlayerLayer.app */ = {isa = PBXFileReference; explicitFileType = wrapper.application; includeInIndex = 0; path = AVPlayerLayer.app; sourceTree = BUILT_PRODUCTS_DIR; };
		584E4B601FD2F7E20028C58B /* main.m */ = {isa = PBXFileReference; lastKnownFileType = sourcecode.c.objc; path = main.m; sourceTree = "<group>"; };
		584E4B621FD2F7E20028C58B /* AppDelegate.h */ = {isa = PBXFileReference; lastKnownFileType = sourcecode.c.h; path = AppDelegate.h; sourceTree = "<group>"; };
		584E4B631FD2F7E20028C58B /* AppDelegate.m */ = {isa = PBXFileReference; lastKnownFileType = sourcecode.c.objc; path = AppDelegate.m; sourceTree = "<group>"; };
		584E4B651FD2F7E20028C58B /* ViewController.h */ = {isa = PBXFileReference; lastKnownFileType = sourcecode.c.h; path = ViewController.h; sourceTree = "<group>"; };
		584E4B661FD2F7E20028C58B /* ViewController.m */ = {isa = PBXFileReference; lastKnownFileType = sourcecode.c.objc; path = ViewController.m; sourceTree = "<group>"; };
		584E4B691FD2F7E20028C58B /* Base */ = {isa = PBXFileReference; lastKnownFileType = file.storyboard; name = Base; path = Base.lproj/Main.storyboard; sourceTree = "<group>"; };
		584E4B6B1FD2F7E20028C58B /* Assets.xcassets */ = {isa = PBXFileReference; lastKnownFileType = folder.assetcatalog; path = Assets.xcassets; sourceTree = "<group>"; };
		584E4B6E1FD2F7E20028C58B /* Base */ = {isa = PBXFileReference; lastKnownFileType = file.storyboard; name = Base; path = Base.lproj/LaunchScreen.storyboard; sourceTree = "<group>"; };
		584E4B701FD2F7E20028C58B /* Info.plist */ = {isa = PBXFileReference; lastKnownFileType = text.plist.xml; path = Info.plist; sourceTree = "<group>"; };
		584E4B751FD2F7E20028C58B /* AVPlayerLayerTests.xctest */ = {isa = PBXFileReference; explicitFileType = wrapper.cfbundle; includeInIndex = 0; path = AVPlayerLayerTests.xctest; sourceTree = BUILT_PRODUCTS_DIR; };
		584E4B791FD2F7E20028C58B /* AVPlayerLayerTests.m */ = {isa = PBXFileReference; lastKnownFileType = sourcecode.c.objc; path = AVPlayerLayerTests.m; sourceTree = "<group>"; };
		584E4B7B1FD2F7E20028C58B /* Info.plist */ = {isa = PBXFileReference; lastKnownFileType = text.plist.xml; path = Info.plist; sourceTree = "<group>"; };
		584E4B801FD2F7E20028C58B /* AVPlayerLayerUITests.xctest */ = {isa = PBXFileReference; explicitFileType = wrapper.cfbundle; includeInIndex = 0; path = AVPlayerLayerUITests.xctest; sourceTree = BUILT_PRODUCTS_DIR; };
		584E4B841FD2F7E20028C58B /* AVPlayerLayerUITests.m */ = {isa = PBXFileReference; lastKnownFileType = sourcecode.c.objc; path = AVPlayerLayerUITests.m; sourceTree = "<group>"; };
		584E4B861FD2F7E20028C58B /* Info.plist */ = {isa = PBXFileReference; lastKnownFileType = text.plist.xml; path = Info.plist; sourceTree = "<group>"; };
		584E4B941FD315920028C58B /* story.mp4 */ = {isa = PBXFileReference; lastKnownFileType = file; path = story.mp4; sourceTree = "<group>"; };
/* End PBXFileReference section */

/* Begin PBXFrameworksBuildPhase section */
		584E4B591FD2F7E20028C58B /* Frameworks */ = {
			isa = PBXFrameworksBuildPhase;
			buildActionMask = 2147483647;
			files = (
			);
			runOnlyForDeploymentPostprocessing = 0;
		};
		584E4B721FD2F7E20028C58B /* Frameworks */ = {
			isa = PBXFrameworksBuildPhase;
			buildActionMask = 2147483647;
			files = (
			);
			runOnlyForDeploymentPostprocessing = 0;
		};
		584E4B7D1FD2F7E20028C58B /* Frameworks */ = {
			isa = PBXFrameworksBuildPhase;
			buildActionMask = 2147483647;
			files = (
			);
			runOnlyForDeploymentPostprocessing = 0;
		};
/* End PBXFrameworksBuildPhase section */

/* Begin PBXGroup section */
		584E4B531FD2F7E20028C58B = {
			isa = PBXGroup;
			children = (
				584E4B5E1FD2F7E20028C58B /* AVPlayerLayer */,
				584E4B781FD2F7E20028C58B /* AVPlayerLayerTests */,
				584E4B831FD2F7E20028C58B /* AVPlayerLayerUITests */,
				584E4B5D1FD2F7E20028C58B /* Products */,
			);
			sourceTree = "<group>";
		};
		584E4B5D1FD2F7E20028C58B /* Products */ = {
			isa = PBXGroup;
			children = (
				584E4B5C1FD2F7E20028C58B /* AVPlayerLayer.app */,
				584E4B751FD2F7E20028C58B /* AVPlayerLayerTests.xctest */,
				584E4B801FD2F7E20028C58B /* AVPlayerLayerUITests.xctest */,
			);
			name = Products;
			sourceTree = "<group>";
		};
		584E4B5E1FD2F7E20028C58B /* AVPlayerLayer */ = {
			isa = PBXGroup;
			children = (
				584E4B621FD2F7E20028C58B /* AppDelegate.h */,
				584E4B631FD2F7E20028C58B /* AppDelegate.m */,
				584E4B651FD2F7E20028C58B /* ViewController.h */,
				584E4B661FD2F7E20028C58B /* ViewController.m */,
				584E4B941FD315920028C58B /* story.mp4 */,
				584E4B681FD2F7E20028C58B /* Main.storyboard */,
				584E4B6B1FD2F7E20028C58B /* Assets.xcassets */,
				584E4B6D1FD2F7E20028C58B /* LaunchScreen.storyboard */,
				584E4B701FD2F7E20028C58B /* Info.plist */,
				584E4B5F1FD2F7E20028C58B /* Supporting Files */,
			);
			path = AVPlayerLayer;
			sourceTree = "<group>";
		};
		584E4B5F1FD2F7E20028C58B /* Supporting Files */ = {
			isa = PBXGroup;
			children = (
				584E4B601FD2F7E20028C58B /* main.m */,
			);
			name = "Supporting Files";
			sourceTree = "<group>";
		};
		584E4B781FD2F7E20028C58B /* AVPlayerLayerTests */ = {
			isa = PBXGroup;
			children = (
				584E4B791FD2F7E20028C58B /* AVPlayerLayerTests.m */,
				584E4B7B1FD2F7E20028C58B /* Info.plist */,
			);
			path = AVPlayerLayerTests;
			sourceTree = "<group>";
		};
		584E4B831FD2F7E20028C58B /* AVPlayerLayerUITests */ = {
			isa = PBXGroup;
			children = (
				584E4B841FD2F7E20028C58B /* AVPlayerLayerUITests.m */,
				584E4B861FD2F7E20028C58B /* Info.plist */,
			);
			path = AVPlayerLayerUITests;
			sourceTree = "<group>";
		};
/* End PBXGroup section */

/* Begin PBXNativeTarget section */
		584E4B5B1FD2F7E20028C58B /* AVPlayerLayer */ = {
			isa = PBXNativeTarget;
			buildConfigurationList = 584E4B891FD2F7E20028C58B /* Build configuration list for PBXNativeTarget "AVPlayerLayer" */;
			buildPhases = (
				584E4B581FD2F7E20028C58B /* Sources */,
				584E4B591FD2F7E20028C58B /* Frameworks */,
				584E4B5A1FD2F7E20028C58B /* Resources */,
			);
			buildRules = (
			);
			dependencies = (
			);
			name = AVPlayerLayer;
			productName = AVPlayerLayer;
			productReference = 584E4B5C1FD2F7E20028C58B /* AVPlayerLayer.app */;
			productType = "com.apple.product-type.application";
		};
		584E4B741FD2F7E20028C58B /* AVPlayerLayerTests */ = {
			isa = PBXNativeTarget;
			buildConfigurationList = 584E4B8C1FD2F7E20028C58B /* Build configuration list for PBXNativeTarget "AVPlayerLayerTests" */;
			buildPhases = (
				584E4B711FD2F7E20028C58B /* Sources */,
				584E4B721FD2F7E20028C58B /* Frameworks */,
				584E4B731FD2F7E20028C58B /* Resources */,
			);
			buildRules = (
			);
			dependencies = (
				584E4B771FD2F7E20028C58B /* PBXTargetDependency */,
			);
			name = AVPlayerLayerTests;
			productName = AVPlayerLayerTests;
			productReference = 584E4B751FD2F7E20028C58B /* AVPlayerLayerTests.xctest */;
			productType = "com.apple.product-type.bundle.unit-test";
		};
		584E4B7F1FD2F7E20028C58B /* AVPlayerLayerUITests */ = {
			isa = PBXNativeTarget;
			buildConfigurationList = 584E4B8F1FD2F7E20028C58B /* Build configuration list for PBXNativeTarget "AVPlayerLayerUITests" */;
			buildPhases = (
				584E4B7C1FD2F7E20028C58B /* Sources */,
				584E4B7D1FD2F7E20028C58B /* Frameworks */,
				584E4B7E1FD2F7E20028C58B /* Resources */,
			);
			buildRules = (
			);
			dependencies = (
				584E4B821FD2F7E20028C58B /* PBXTargetDependency */,
			);
			name = AVPlayerLayerUITests;
			productName = AVPlayerLayerUITests;
			productReference = 584E4B801FD2F7E20028C58B /* AVPlayerLayerUITests.xctest */;
			productType = "com.apple.product-type.bundle.ui-testing";
		};
/* End PBXNativeTarget section */

/* Begin PBXProject section */
		584E4B541FD2F7E20028C58B /* Project object */ = {
			isa = PBXProject;
			attributes = {
				LastUpgradeCheck = 0800;
				ORGANIZATIONNAME = diyinqianchang;
				TargetAttributes = {
					584E4B5B1FD2F7E20028C58B = {
						CreatedOnToolsVersion = 8.0;
						DevelopmentTeam = AYG46SGLDU;
						ProvisioningStyle = Automatic;
					};
					584E4B741FD2F7E20028C58B = {
						CreatedOnToolsVersion = 8.0;
						DevelopmentTeam = AYG46SGLDU;
						ProvisioningStyle = Automatic;
						TestTargetID = 584E4B5B1FD2F7E20028C58B;
					};
					584E4B7F1FD2F7E20028C58B = {
						CreatedOnToolsVersion = 8.0;
						DevelopmentTeam = AYG46SGLDU;
						ProvisioningStyle = Automatic;
						TestTargetID = 584E4B5B1FD2F7E20028C58B;
					};
				};
			};
			buildConfigurationList = 584E4B571FD2F7E20028C58B /* Build configuration list for PBXProject "AVPlayerLayer" */;
			compatibilityVersion = "Xcode 3.2";
			developmentRegion = English;
			hasScannedForEncodings = 0;
			knownRegions = (
				en,
				Base,
			);
			mainGroup = 584E4B531FD2F7E20028C58B;
			productRefGroup = 584E4B5D1FD2F7E20028C58B /* Products */;
			projectDirPath = "";
			projectRoot = "";
			targets = (
				584E4B5B1FD2F7E20028C58B /* AVPlayerLayer */,
				584E4B741FD2F7E20028C58B /* AVPlayerLayerTests */,
				584E4B7F1FD2F7E20028C58B /* AVPlayerLayerUITests */,
			);
		};
/* End PBXProject section */

/* Begin PBXResourcesBuildPhase section */
		584E4B5A1FD2F7E20028C58B /* Resources */ = {
			isa = PBXResourcesBuildPhase;
			buildActionMask = 2147483647;
			files = (
				584E4B6F1FD2F7E20028C58B /* LaunchScreen.storyboard in Resources */,
				584E4B951FD315920028C58B /* story.mp4 in Resources */,
				584E4B6C1FD2F7E20028C58B /* Assets.xcassets in Resources */,
				584E4B6A1FD2F7E20028C58B /* Main.storyboard in Resources */,
			);
			runOnlyForDeploymentPostprocessing = 0;
		};
		584E4B731FD2F7E20028C58B /* Resources */ = {
			isa = PBXResourcesBuildPhase;
			buildActionMask = 2147483647;
			files = (
			);
			runOnlyForDeploymentPostprocessing = 0;
		};
		584E4B7E1FD2F7E20028C58B /* Resources */ = {
			isa = PBXResourcesBuildPhase;
			buildActionMask = 2147483647;
			files = (
			);
			runOnlyForDeploymentPostprocessing = 0;
		};
/* End PBXResourcesBuildPhase section */

/* Begin PBXSourcesBuildPhase section */
		584E4B581FD2F7E20028C58B /* Sources */ = {
			isa = PBXSourcesBuildPhase;
			buildActionMask = 2147483647;
			files = (
				584E4B671FD2F7E20028C58B /* ViewController.m in Sources */,
				584E4B641FD2F7E20028C58B /* AppDelegate.m in Sources */,
				584E4B611FD2F7E20028C58B /* main.m in Sources */,
			);
			runOnlyForDeploymentPostprocessing = 0;
		};
		584E4B711FD2F7E20028C58B /* Sources */ = {
			isa = PBXSourcesBuildPhase;
			buildActionMask = 2147483647;
			files = (
				584E4B7A1FD2F7E20028C58B /* AVPlayerLayerTests.m in Sources */,
			);
			runOnlyForDeploymentPostprocessing = 0;
		};
		584E4B7C1FD2F7E20028C58B /* Sources */ = {
			isa = PBXSourcesBuildPhase;
			buildActionMask = 2147483647;
			files = (
				584E4B851FD2F7E20028C58B /* AVPlayerLayerUITests.m in Sources */,
			);
			runOnlyForDeploymentPostprocessing = 0;
		};
/* End PBXSourcesBuildPhase section */

/* Begin PBXTargetDependency section */
		584E4B771FD2F7E20028C58B /* PBXTargetDependency */ = {
			isa = PBXTargetDependency;
			target = 584E4B5B1FD2F7E20028C58B /* AVPlayerLayer */;
			targetProxy = 584E4B761FD2F7E20028C58B /* PBXContainerItemProxy */;
		};
		584E4B821FD2F7E20028C58B /* PBXTargetDependency */ = {
			isa = PBXTargetDependency;
			target = 584E4B5B1FD2F7E20028C58B /* AVPlayerLayer */;
			targetProxy = 584E4B811FD2F7E20028C58B /* PBXContainerItemProxy */;
		};
/* End PBXTargetDependency section */

/* Begin PBXVariantGroup section */
		584E4B681FD2F7E20028C58B /* Main.storyboard */ = {
			isa = PBXVariantGroup;
			children = (
				584E4B691FD2F7E20028C58B /* Base */,
			);
			name = Main.storyboard;
			sourceTree = "<group>";
		};
		584E4B6D1FD2F7E20028C58B /* LaunchScreen.storyboard */ = {
			isa = PBXVariantGroup;
			children = (
				584E4B6E1FD2F7E20028C58B /* Base */,
			);
			name = LaunchScreen.storyboard;
			sourceTree = "<group>";
		};
/* End PBXVariantGroup section */

/* Begin XCBuildConfiguration section */
		584E4B871FD2F7E20028C58B /* Debug */ = {
			isa = XCBuildConfiguration;
			buildSettings = {
				ALWAYS_SEARCH_USER_PATHS = NO;
				CLANG_ANALYZER_NONNULL = YES;
				CLANG_CXX_LANGUAGE_STANDARD = "gnu++0x";
				CLANG_CXX_LIBRARY = "libc++";
				CLANG_ENABLE_MODULES = YES;
				CLANG_ENABLE_OBJC_ARC = YES;
				CLANG_WARN_BOOL_CONVERSION = YES;
				CLANG_WARN_CONSTANT_CONVERSION = YES;
				CLANG_WARN_DIRECT_OBJC_ISA_USAGE = YES_ERROR;
				CLANG_WARN_DOCUMENTATION_COMMENTS = YES;
				CLANG_WARN_EMPTY_BODY = YES;
				CLANG_WARN_ENUM_CONVERSION = YES;
				CLANG_WARN_INFINITE_RECURSION = YES;
				CLANG_WARN_INT_CONVERSION = YES;
				CLANG_WARN_OBJC_ROOT_CLASS = YES_ERROR;
				CLANG_WARN_SUSPICIOUS_MOVES = YES;
				CLANG_WARN_UNREACHABLE_CODE = YES;
				CLANG_WARN__DUPLICATE_METHOD_MATCH = YES;
				"CODE_SIGN_IDENTITY[sdk=iphoneos*]" = "iPhone Developer";
				COPY_PHASE_STRIP = NO;
				DEBUG_INFORMATION_FORMAT = dwarf;
				ENABLE_STRICT_OBJC_MSGSEND = YES;
				ENABLE_TESTABILITY = YES;
				GCC_C_LANGUAGE_STANDARD = gnu99;
				GCC_DYNAMIC_NO_PIC = NO;
				GCC_NO_COMMON_BLOCKS = YES;
				GCC_OPTIMIZATION_LEVEL = 0;
				GCC_PREPROCESSOR_DEFINITIONS = (
					"DEBUG=1",
					"$(inherited)",
				);
				GCC_WARN_64_TO_32_BIT_CONVERSION = YES;
				GCC_WARN_ABOUT_RETURN_TYPE = YES_ERROR;
				GCC_WARN_UNDECLARED_SELECTOR = YES;
				GCC_WARN_UNINITIALIZED_AUTOS = YES_AGGRESSIVE;
				GCC_WARN_UNUSED_FUNCTION = YES;
				GCC_WARN_UNUSED_VARIABLE = YES;
				IPHONEOS_DEPLOYMENT_TARGET = 10.0;
				MTL_ENABLE_DEBUG_INFO = YES;
				ONLY_ACTIVE_ARCH = YES;
				SDKROOT = iphoneos;
			};
			name = Debug;
		};
		584E4B881FD2F7E20028C58B /* Release */ = {
			isa = XCBuildConfiguration;
			buildSettings = {
				ALWAYS_SEARCH_USER_PATHS = NO;
				CLANG_ANALYZER_NONNULL = YES;
				CLANG_CXX_LANGUAGE_STANDARD = "gnu++0x";
				CLANG_CXX_LIBRARY = "libc++";
				CLANG_ENABLE_MODULES = YES;
				CLANG_ENABLE_OBJC_ARC = YES;
				CLANG_WARN_BOOL_CONVERSION = YES;
				CLANG_WARN_CONSTANT_CONVERSION = YES;
				CLANG_WARN_DIRECT_OBJC_ISA_USAGE = YES_ERROR;
				CLANG_WARN_DOCUMENTATION_COMMENTS = YES;
				CLANG_WARN_EMPTY_BODY = YES;
				CLANG_WARN_ENUM_CONVERSION = YES;
				CLANG_WARN_INFINITE_RECURSION = YES;
				CLANG_WARN_INT_CONVERSION = YES;
				CLANG_WARN_OBJC_ROOT_CLASS = YES_ERROR;
				CLANG_WARN_SUSPICIOUS_MOVES = YES;
				CLANG_WARN_UNREACHABLE_CODE = YES;
				CLANG_WARN__DUPLICATE_METHOD_MATCH = YES;
				"CODE_SIGN_IDENTITY[sdk=iphoneos*]" = "iPhone Developer";
				COPY_PHASE_STRIP = NO;
				DEBUG_INFORMATION_FORMAT = "dwarf-with-dsym";
				ENABLE_NS_ASSERTIONS = NO;
				ENABLE_STRICT_OBJC_MSGSEND = YES;
				GCC_C_LANGUAGE_STANDARD = gnu99;
				GCC_NO_COMMON_BLOCKS = YES;
				GCC_WARN_64_TO_32_BIT_CONVERSION = YES;
				GCC_WARN_ABOUT_RETURN_TYPE = YES_ERROR;
				GCC_WARN_UNDECLARED_SELECTOR = YES;
				GCC_WARN_UNINITIALIZED_AUTOS = YES_AGGRESSIVE;
				GCC_WARN_UNUSED_FUNCTION = YES;
				GCC_WARN_UNUSED_VARIABLE = YES;
				IPHONEOS_DEPLOYMENT_TARGET = 10.0;
				MTL_ENABLE_DEBUG_INFO = NO;
				SDKROOT = iphoneos;
				VALIDATE_PRODUCT = YES;
			};
			name = Release;
		};
		584E4B8A1FD2F7E20028C58B /* Debug */ = {
			isa = XCBuildConfiguration;
			buildSettings = {
				ASSETCATALOG_COMPILER_APPICON_NAME = AppIcon;
				DEVELOPMENT_TEAM = AYG46SGLDU;
				INFOPLIST_FILE = AVPlayerLayer/Info.plist;
				IPHONEOS_DEPLOYMENT_TARGET = 8.0;
				LD_RUNPATH_SEARCH_PATHS = "$(inherited) @executable_path/Frameworks";
				PRODUCT_BUNDLE_IDENTIFIER = zhangguolin.AVPlayerLayer;
				PRODUCT_NAME = "$(TARGET_NAME)";
			};
			name = Debug;
		};
		584E4B8B1FD2F7E20028C58B /* Release */ = {
			isa = XCBuildConfiguration;
			buildSettings = {
				ASSETCATALOG_COMPILER_APPICON_NAME = AppIcon;
				DEVELOPMENT_TEAM = AYG46SGLDU;
				INFOPLIST_FILE = AVPlayerLayer/Info.plist;
				IPHONEOS_DEPLOYMENT_TARGET = 8.0;
				LD_RUNPATH_SEARCH_PATHS = "$(inherited) @executable_path/Frameworks";
				PRODUCT_BUNDLE_IDENTIFIER = zhangguolin.AVPlayerLayer;
				PRODUCT_NAME = "$(TARGET_NAME)";
			};
			name = Release;
		};
		584E4B8D1FD2F7E20028C58B /* Debug */ = {
			isa = XCBuildConfiguration;
			buildSettings = {
				BUNDLE_LOADER = "$(TEST_HOST)";
				DEVELOPMENT_TEAM = AYG46SGLDU;
				INFOPLIST_FILE = AVPlayerLayerTests/Info.plist;
				LD_RUNPATH_SEARCH_PATHS = "$(inherited) @executable_path/Frameworks @loader_path/Frameworks";
				PRODUCT_BUNDLE_IDENTIFIER = zhangguolin.AVPlayerLayerTests;
				PRODUCT_NAME = "$(TARGET_NAME)";
				TEST_HOST = "$(BUILT_PRODUCTS_DIR)/AVPlayerLayer.app/AVPlayerLayer";
			};
			name = Debug;
		};
		584E4B8E1FD2F7E20028C58B /* Release */ = {
			isa = XCBuildConfiguration;
			buildSettings = {
				BUNDLE_LOADER = "$(TEST_HOST)";
				DEVELOPMENT_TEAM = AYG46SGLDU;
				INFOPLIST_FILE = AVPlayerLayerTests/Info.plist;
				LD_RUNPATH_SEARCH_PATHS = "$(inherited) @executable_path/Frameworks @loader_path/Frameworks";
				PRODUCT_BUNDLE_IDENTIFIER = zhangguolin.AVPlayerLayerTests;
				PRODUCT_NAME = "$(TARGET_NAME)";
				TEST_HOST = "$(BUILT_PRODUCTS_DIR)/AVPlayerLayer.app/AVPlayerLayer";
			};
			name = Release;
		};
		584E4B901FD2F7E20028C58B /* Debug */ = {
			isa = XCBuildConfiguration;
			buildSettings = {
				DEVELOPMENT_TEAM = AYG46SGLDU;
				INFOPLIST_FILE = AVPlayerLayerUITests/Info.plist;
				LD_RUNPATH_SEARCH_PATHS = "$(inherited) @executable_path/Frameworks @loader_path/Frameworks";
				PRODUCT_BUNDLE_IDENTIFIER = zhangguolin.AVPlayerLayerUITests;
				PRODUCT_NAME = "$(TARGET_NAME)";
				TEST_TARGET_NAME = AVPlayerLayer;
			};
			name = Debug;
		};
		584E4B911FD2F7E20028C58B /* Release */ = {
			isa = XCBuildConfiguration;
			buildSettings = {
				DEVELOPMENT_TEAM = AYG46SGLDU;
				INFOPLIST_FILE = AVPlayerLayerUITests/Info.plist;
				LD_RUNPATH_SEARCH_PATHS = "$(inherited) @executable_path/Frameworks @loader_path/Frameworks";
				PRODUCT_BUNDLE_IDENTIFIER = zhangguolin.AVPlayerLayerUITests;
				PRODUCT_NAME = "$(TARGET_NAME)";
				TEST_TARGET_NAME = AVPlayerLayer;
			};
			name = Release;
		};
/* End XCBuildConfiguration section */

/* Begin XCConfigurationList section */
		584E4B571FD2F7E20028C58B /* Build configuration list for PBXProject "AVPlayerLayer" */ = {
			isa = XCConfigurationList;
			buildConfigurations = (
				584E4B871FD2F7E20028C58B /* Debug */,
				584E4B881FD2F7E20028C58B /* Release */,
			);
			defaultConfigurationIsVisible = 0;
			defaultConfigurationName = Release;
		};
		584E4B891FD2F7E20028C58B /* Build configuration list for PBXNativeTarget "AVPlayerLayer" */ = {
			isa = XCConfigurationList;
			buildConfigurations = (
				584E4B8A1FD2F7E20028C58B /* Debug */,
				584E4B8B1FD2F7E20028C58B /* Release */,
			);
			defaultConfigurationIsVisible = 0;
		};
		584E4B8C1FD2F7E20028C58B /* Build configuration list for PBXNativeTarget "AVPlayerLayerTests" */ = {
			isa = XCConfigurationList;
			buildConfigurations = (
				584E4B8D1FD2F7E20028C58B /* Debug */,
				584E4B8E1FD2F7E20028C58B /* Release */,
			);
			defaultConfigurationIsVisible = 0;
		};
		584E4B8F1FD2F7E20028C58B /* Build configuration list for PBXNativeTarget "AVPlayerLayerUITests" */ = {
			isa = XCConfigurationList;
			buildConfigurations = (
				584E4B901FD2F7E20028C58B /* Debug */,
				584E4B911FD2F7E20028C58B /* Release */,
			);
			defaultConfigurationIsVisible = 0;
		};
/* End XCConfigurationList section */
	};
	rootObject = 584E4B541FD2F7E20028C58B /* Project object */;
}
